PODS:
  - IceCream (2.0.4):
    - RealmSwift (< 10.8.0)
  - PinLayout (1.10.3)
  - Realm (10.7.7):
    - Realm/Headers (= 10.7.7)
  - Realm/Headers (10.7.7)
  - RealmSwift (10.7.7):
    - Realm (= 10.7.7)
  - SnapKit (5.6.0)
  - Then (3.0.0)
  - Toast-Swift (5.0.1)

DEPENDENCIES:
  - IceCream
  - PinLayout
  - RealmSwift
  - SnapKit
  - Then
  - Toast-Swift

SPEC REPOS:
  trunk:
    - IceCream
    - PinLayout
    - Realm
    - RealmSwift
    - SnapKit
    - Then
    - Toast-Swift

SPEC CHECKSUMS:
  IceCream: 717d516a1c634eba8eaa8ce7d3d7bc5f7e40c2fa
  PinLayout: 0090ccbf29ae69af6ae5a15eaeaf27ed7b2c4d83
  Realm: 8010af8b7a576ba501729bcbc54a3cd1f1f7dca3
  RealmSwift: dc17e6d649c12a8996f9e962c3fe6cef356885c4
  SnapKit: e01d52ebb8ddbc333eefe2132acf85c8227d9c25
  Then: 844265ae87834bbe1147d91d5d41a404da2ec27d
  Toast-Swift: 9b6a70f28b3bf0b96c40d46c0c4b9d6639846711

PODFILE CHECKSUM: 3058244ab79962b36ecd739435844243a9017915

COCOAPODS: 1.11.2
