// !$*UTF8*$!
{
	archiveVersion = 1;
	classes = {
	};
	objectVersion = 55;
	objects = {

/* Begin PBXBuildFile section */
		71258F4F279700CF006D7237 /* ClipboardViewController.swift in Sources */ = {isa = PBXBuildFile; fileRef = 71258F4E279700CF006D7237 /* ClipboardViewController.swift */; };
		71258F522797135B006D7237 /* ClipboardListCell.swift in Sources */ = {isa = PBXBuildFile; fileRef = 71258F512797135B006D7237 /* ClipboardListCell.swift */; };
		71258F54279843F8006D7237 /* Clipboard.swift in Sources */ = {isa = PBXBuildFile; fileRef = 71258F53279843F8006D7237 /* Clipboard.swift */; };
		71258F5627984F70006D7237 /* ClipboardViewController+TableView.swift in Sources */ = {isa = PBXBuildFile; fileRef = 71258F5527984F70006D7237 /* ClipboardViewController+TableView.swift */; };
		7143410C2789782D00F148A0 /* UIColor+Extension.swift in Sources */ = {isa = PBXBuildFile; fileRef = 7143410B2789782D00F148A0 /* UIColor+Extension.swift */; };
		7166D4272789B15B0028413F /* Copy.swift in Sources */ = {isa = PBXBuildFile; fileRef = 7166D4262789B15B0028413F /* Copy.swift */; };
		7166D42B2789DFB80028413F /* CopyManager.swift in Sources */ = {isa = PBXBuildFile; fileRef = 7166D42A2789DFB80028413F /* CopyManager.swift */; };
		7166D42F278A0AB90028413F /* UIButton+Extension.swift in Sources */ = {isa = PBXBuildFile; fileRef = 7166D42E278A0AB90028413F /* UIButton+Extension.swift */; };
		7166D431278AC3F00028413F /* AddViewController.swift in Sources */ = {isa = PBXBuildFile; fileRef = 7166D430278AC3F00028413F /* AddViewController.swift */; };
		7166D433278AC5060028413F /* UIFont+Extension.swift in Sources */ = {isa = PBXBuildFile; fileRef = 7166D432278AC5060028413F /* UIFont+Extension.swift */; };
		7166D437278AE14C0028413F /* AddViewController+TextView.swift in Sources */ = {isa = PBXBuildFile; fileRef = 7166D436278AE14C0028413F /* AddViewController+TextView.swift */; };
		7166D439278AE7D90028413F /* String+Extension.swift in Sources */ = {isa = PBXBuildFile; fileRef = 7166D438278AE7D90028413F /* String+Extension.swift */; };
		7166D43B278AE8AE0028413F /* Date+Extension.swift in Sources */ = {isa = PBXBuildFile; fileRef = 7166D43A278AE8AE0028413F /* Date+Extension.swift */; };
		7166D43D278AEC2C0028413F /* MainViewController+AddView.swift in Sources */ = {isa = PBXBuildFile; fileRef = 7166D43C278AEC2C0028413F /* MainViewController+AddView.swift */; };
		7166D441278B24930028413F /* MainListCollectionViewCell.swift in Sources */ = {isa = PBXBuildFile; fileRef = 7166D440278B24930028413F /* MainListCollectionViewCell.swift */; };
		7166D443278B29210028413F /* MainViewController+Collection.swift in Sources */ = {isa = PBXBuildFile; fileRef = 7166D442278B29210028413F /* MainViewController+Collection.swift */; };
		7166D447278B36C80028413F /* VibrateManager.swift in Sources */ = {isa = PBXBuildFile; fileRef = 7166D446278B36C80028413F /* VibrateManager.swift */; };
		7170539D2792986100039917 /* MainViewController+Search.swift in Sources */ = {isa = PBXBuildFile; fileRef = 7170539C2792986100039917 /* MainViewController+Search.swift */; };
		71B725562793BC6F0062B84B /* CloudKit.framework in Frameworks */ = {isa = PBXBuildFile; fileRef = 71B725552793BC6F0062B84B /* CloudKit.framework */; };
		71BEAA7827896F6A00EF8FE8 /* AppDelegate.swift in Sources */ = {isa = PBXBuildFile; fileRef = 71BEAA7727896F6A00EF8FE8 /* AppDelegate.swift */; };
		71BEAA7A27896F6A00EF8FE8 /* SceneDelegate.swift in Sources */ = {isa = PBXBuildFile; fileRef = 71BEAA7927896F6A00EF8FE8 /* SceneDelegate.swift */; };
		71BEAA7C27896F6A00EF8FE8 /* MainViewController.swift in Sources */ = {isa = PBXBuildFile; fileRef = 71BEAA7B27896F6A00EF8FE8 /* MainViewController.swift */; };
		71BEAA8127896F6B00EF8FE8 /* Assets.xcassets in Resources */ = {isa = PBXBuildFile; fileRef = 71BEAA8027896F6B00EF8FE8 /* Assets.xcassets */; };
		71BEAA8427896F6B00EF8FE8 /* LaunchScreen.storyboard in Resources */ = {isa = PBXBuildFile; fileRef = 71BEAA8227896F6B00EF8FE8 /* LaunchScreen.storyboard */; };
		71BEAA8F27896F6B00EF8FE8 /* OneboardTests.swift in Sources */ = {isa = PBXBuildFile; fileRef = 71BEAA8E27896F6B00EF8FE8 /* OneboardTests.swift */; };
		71BEAA9927896F6B00EF8FE8 /* OneboardUITests.swift in Sources */ = {isa = PBXBuildFile; fileRef = 71BEAA9827896F6B00EF8FE8 /* OneboardUITests.swift */; };
		71BEAA9B27896F6B00EF8FE8 /* OneboardUITestsLaunchTests.swift in Sources */ = {isa = PBXBuildFile; fileRef = 71BEAA9A27896F6B00EF8FE8 /* OneboardUITestsLaunchTests.swift */; };
		71C17FB1278DD17000B840D0 /* ClipboardManager.swift in Sources */ = {isa = PBXBuildFile; fileRef = 71C17FB0278DD17000B840D0 /* ClipboardManager.swift */; };
		71C17FB3278F021900B840D0 /* CustomSnackBar.swift in Sources */ = {isa = PBXBuildFile; fileRef = 71C17FB2278F021900B840D0 /* CustomSnackBar.swift */; };
		71C9176F27932E2E00976A2B /* UIImiageVIew+Extension.swift in Sources */ = {isa = PBXBuildFile; fileRef = 71C9176E27932E2E00976A2B /* UIImiageVIew+Extension.swift */; };
		71D2FA4927958C5400C62951 /* UIAlertController+Extension.swift in Sources */ = {isa = PBXBuildFile; fileRef = 71D2FA4827958C5400C62951 /* UIAlertController+Extension.swift */; };
		9C73F55EB6CC6970C2EAC979 /* Pods_OneboardTests.framework in Frameworks */ = {isa = PBXBuildFile; fileRef = 01A57AED0226F8937F9F1B85 /* Pods_OneboardTests.framework */; };
		AF7531275016E3B18B216911 /* Pods_Oneboard.framework in Frameworks */ = {isa = PBXBuildFile; fileRef = 8FA472E5FE6528AEAAE7801B /* Pods_Oneboard.framework */; };
		D82FDA75DF1A23B0B0993557 /* Pods_Oneboard_OneboardUITests.framework in Frameworks */ = {isa = PBXBuildFile; fileRef = C7B633FB09BFC989A10E7A04 /* Pods_Oneboard_OneboardUITests.framework */; };
/* End PBXBuildFile section */

/* Begin PBXContainerItemProxy section */
		71BEAA8B27896F6B00EF8FE8 /* PBXContainerItemProxy */ = {
			isa = PBXContainerItemProxy;
			containerPortal = 71BEAA6C27896F6A00EF8FE8 /* Project object */;
			proxyType = 1;
			remoteGlobalIDString = 71BEAA7327896F6A00EF8FE8;
			remoteInfo = Oneboard;
		};
		71BEAA9527896F6B00EF8FE8 /* PBXContainerItemProxy */ = {
			isa = PBXContainerItemProxy;
			containerPortal = 71BEAA6C27896F6A00EF8FE8 /* Project object */;
			proxyType = 1;
			remoteGlobalIDString = 71BEAA7327896F6A00EF8FE8;
			remoteInfo = Oneboard;
		};
/* End PBXContainerItemProxy section */

/* Begin PBXFileReference section */
		01A57AED0226F8937F9F1B85 /* Pods_OneboardTests.framework */ = {isa = PBXFileReference; explicitFileType = wrapper.framework; includeInIndex = 0; path = Pods_OneboardTests.framework; sourceTree = BUILT_PRODUCTS_DIR; };
		0CBD9A24391E018286DE1121 /* Pods-OneboardTests.release.xcconfig */ = {isa = PBXFileReference; includeInIndex = 1; lastKnownFileType = text.xcconfig; name = "Pods-OneboardTests.release.xcconfig"; path = "Target Support Files/Pods-OneboardTests/Pods-OneboardTests.release.xcconfig"; sourceTree = "<group>"; };
		10AC866AD49D5DA511FCF20C /* Pods-OneboardTests.debug.xcconfig */ = {isa = PBXFileReference; includeInIndex = 1; lastKnownFileType = text.xcconfig; name = "Pods-OneboardTests.debug.xcconfig"; path = "Target Support Files/Pods-OneboardTests/Pods-OneboardTests.debug.xcconfig"; sourceTree = "<group>"; };
		71258F4E279700CF006D7237 /* ClipboardViewController.swift */ = {isa = PBXFileReference; lastKnownFileType = sourcecode.swift; path = ClipboardViewController.swift; sourceTree = "<group>"; };
		71258F512797135B006D7237 /* ClipboardListCell.swift */ = {isa = PBXFileReference; lastKnownFileType = sourcecode.swift; path = ClipboardListCell.swift; sourceTree = "<group>"; };
		71258F53279843F8006D7237 /* Clipboard.swift */ = {isa = PBXFileReference; lastKnownFileType = sourcecode.swift; path = Clipboard.swift; sourceTree = "<group>"; };
		71258F5527984F70006D7237 /* ClipboardViewController+TableView.swift */ = {isa = PBXFileReference; lastKnownFileType = sourcecode.swift; path = "ClipboardViewController+TableView.swift"; sourceTree = "<group>"; };
		7143410B2789782D00F148A0 /* UIColor+Extension.swift */ = {isa = PBXFileReference; lastKnownFileType = sourcecode.swift; path = "UIColor+Extension.swift"; sourceTree = "<group>"; };
		7166D4262789B15B0028413F /* Copy.swift */ = {isa = PBXFileReference; lastKnownFileType = sourcecode.swift; path = Copy.swift; sourceTree = "<group>"; };
		7166D42A2789DFB80028413F /* CopyManager.swift */ = {isa = PBXFileReference; lastKnownFileType = sourcecode.swift; path = CopyManager.swift; sourceTree = "<group>"; };
		7166D42E278A0AB90028413F /* UIButton+Extension.swift */ = {isa = PBXFileReference; lastKnownFileType = sourcecode.swift; path = "UIButton+Extension.swift"; sourceTree = "<group>"; };
		7166D430278AC3F00028413F /* AddViewController.swift */ = {isa = PBXFileReference; lastKnownFileType = sourcecode.swift; path = AddViewController.swift; sourceTree = "<group>"; };
		7166D432278AC5060028413F /* UIFont+Extension.swift */ = {isa = PBXFileReference; lastKnownFileType = sourcecode.swift; path = "UIFont+Extension.swift"; sourceTree = "<group>"; };
		7166D436278AE14C0028413F /* AddViewController+TextView.swift */ = {isa = PBXFileReference; lastKnownFileType = sourcecode.swift; path = "AddViewController+TextView.swift"; sourceTree = "<group>"; };
		7166D438278AE7D90028413F /* String+Extension.swift */ = {isa = PBXFileReference; lastKnownFileType = sourcecode.swift; path = "String+Extension.swift"; sourceTree = "<group>"; };
		7166D43A278AE8AE0028413F /* Date+Extension.swift */ = {isa = PBXFileReference; lastKnownFileType = sourcecode.swift; path = "Date+Extension.swift"; sourceTree = "<group>"; };
		7166D43C278AEC2C0028413F /* MainViewController+AddView.swift */ = {isa = PBXFileReference; lastKnownFileType = sourcecode.swift; path = "MainViewController+AddView.swift"; sourceTree = "<group>"; };
		7166D440278B24930028413F /* MainListCollectionViewCell.swift */ = {isa = PBXFileReference; lastKnownFileType = sourcecode.swift; path = MainListCollectionViewCell.swift; sourceTree = "<group>"; };
		7166D442278B29210028413F /* MainViewController+Collection.swift */ = {isa = PBXFileReference; lastKnownFileType = sourcecode.swift; path = "MainViewController+Collection.swift"; sourceTree = "<group>"; };
		7166D446278B36C80028413F /* VibrateManager.swift */ = {isa = PBXFileReference; lastKnownFileType = sourcecode.swift; path = VibrateManager.swift; sourceTree = "<group>"; };
		7170539C2792986100039917 /* MainViewController+Search.swift */ = {isa = PBXFileReference; lastKnownFileType = sourcecode.swift; path = "MainViewController+Search.swift"; sourceTree = "<group>"; };
		71B725542793BC6C0062B84B /* Oneboard.entitlements */ = {isa = PBXFileReference; lastKnownFileType = text.plist.entitlements; path = Oneboard.entitlements; sourceTree = "<group>"; };
		71B725552793BC6F0062B84B /* CloudKit.framework */ = {isa = PBXFileReference; lastKnownFileType = wrapper.framework; name = CloudKit.framework; path = System/Library/Frameworks/CloudKit.framework; sourceTree = SDKROOT; };
		71BEAA7427896F6A00EF8FE8 /* Oneboard.app */ = {isa = PBXFileReference; explicitFileType = wrapper.application; includeInIndex = 0; path = Oneboard.app; sourceTree = BUILT_PRODUCTS_DIR; };
		71BEAA7727896F6A00EF8FE8 /* AppDelegate.swift */ = {isa = PBXFileReference; lastKnownFileType = sourcecode.swift; path = AppDelegate.swift; sourceTree = "<group>"; };
		71BEAA7927896F6A00EF8FE8 /* SceneDelegate.swift */ = {isa = PBXFileReference; lastKnownFileType = sourcecode.swift; path = SceneDelegate.swift; sourceTree = "<group>"; };
		71BEAA7B27896F6A00EF8FE8 /* MainViewController.swift */ = {isa = PBXFileReference; lastKnownFileType = sourcecode.swift; path = MainViewController.swift; sourceTree = "<group>"; };
		71BEAA8027896F6B00EF8FE8 /* Assets.xcassets */ = {isa = PBXFileReference; lastKnownFileType = folder.assetcatalog; path = Assets.xcassets; sourceTree = "<group>"; };
		71BEAA8327896F6B00EF8FE8 /* Base */ = {isa = PBXFileReference; lastKnownFileType = file.storyboard; name = Base; path = Base.lproj/LaunchScreen.storyboard; sourceTree = "<group>"; };
		71BEAA8527896F6B00EF8FE8 /* Info.plist */ = {isa = PBXFileReference; lastKnownFileType = text.plist.xml; path = Info.plist; sourceTree = "<group>"; };
		71BEAA8A27896F6B00EF8FE8 /* OneboardTests.xctest */ = {isa = PBXFileReference; explicitFileType = wrapper.cfbundle; includeInIndex = 0; path = OneboardTests.xctest; sourceTree = BUILT_PRODUCTS_DIR; };
		71BEAA8E27896F6B00EF8FE8 /* OneboardTests.swift */ = {isa = PBXFileReference; lastKnownFileType = sourcecode.swift; path = OneboardTests.swift; sourceTree = "<group>"; };
		71BEAA9427896F6B00EF8FE8 /* OneboardUITests.xctest */ = {isa = PBXFileReference; explicitFileType = wrapper.cfbundle; includeInIndex = 0; path = OneboardUITests.xctest; sourceTree = BUILT_PRODUCTS_DIR; };
		71BEAA9827896F6B00EF8FE8 /* OneboardUITests.swift */ = {isa = PBXFileReference; lastKnownFileType = sourcecode.swift; path = OneboardUITests.swift; sourceTree = "<group>"; };
		71BEAA9A27896F6B00EF8FE8 /* OneboardUITestsLaunchTests.swift */ = {isa = PBXFileReference; lastKnownFileType = sourcecode.swift; path = OneboardUITestsLaunchTests.swift; sourceTree = "<group>"; };
		71C17FB0278DD17000B840D0 /* ClipboardManager.swift */ = {isa = PBXFileReference; lastKnownFileType = sourcecode.swift; path = ClipboardManager.swift; sourceTree = "<group>"; };
		71C17FB2278F021900B840D0 /* CustomSnackBar.swift */ = {isa = PBXFileReference; lastKnownFileType = sourcecode.swift; path = CustomSnackBar.swift; sourceTree = "<group>"; };
		71C9176E27932E2E00976A2B /* UIImiageVIew+Extension.swift */ = {isa = PBXFileReference; lastKnownFileType = sourcecode.swift; path = "UIImiageVIew+Extension.swift"; sourceTree = "<group>"; };
		71D2FA4827958C5400C62951 /* UIAlertController+Extension.swift */ = {isa = PBXFileReference; lastKnownFileType = sourcecode.swift; path = "UIAlertController+Extension.swift"; sourceTree = "<group>"; };
		7470507430A289F40297F9FE /* Pods-Oneboard-OneboardUITests.release.xcconfig */ = {isa = PBXFileReference; includeInIndex = 1; lastKnownFileType = text.xcconfig; name = "Pods-Oneboard-OneboardUITests.release.xcconfig"; path = "Target Support Files/Pods-Oneboard-OneboardUITests/Pods-Oneboard-OneboardUITests.release.xcconfig"; sourceTree = "<group>"; };
		755257F90D7AE39E15D06617 /* Pods-Oneboard.release.xcconfig */ = {isa = PBXFileReference; includeInIndex = 1; lastKnownFileType = text.xcconfig; name = "Pods-Oneboard.release.xcconfig"; path = "Target Support Files/Pods-Oneboard/Pods-Oneboard.release.xcconfig"; sourceTree = "<group>"; };
		8FA472E5FE6528AEAAE7801B /* Pods_Oneboard.framework */ = {isa = PBXFileReference; explicitFileType = wrapper.framework; includeInIndex = 0; path = Pods_Oneboard.framework; sourceTree = BUILT_PRODUCTS_DIR; };
		944C942409ED7C68B7FC888B /* Pods-Oneboard.debug.xcconfig */ = {isa = PBXFileReference; includeInIndex = 1; lastKnownFileType = text.xcconfig; name = "Pods-Oneboard.debug.xcconfig"; path = "Target Support Files/Pods-Oneboard/Pods-Oneboard.debug.xcconfig"; sourceTree = "<group>"; };
		A4123F5585E64496C6F64FF9 /* Pods-Oneboard-OneboardUITests.debug.xcconfig */ = {isa = PBXFileReference; includeInIndex = 1; lastKnownFileType = text.xcconfig; name = "Pods-Oneboard-OneboardUITests.debug.xcconfig"; path = "Target Support Files/Pods-Oneboard-OneboardUITests/Pods-Oneboard-OneboardUITests.debug.xcconfig"; sourceTree = "<group>"; };
		C7B633FB09BFC989A10E7A04 /* Pods_Oneboard_OneboardUITests.framework */ = {isa = PBXFileReference; explicitFileType = wrapper.framework; includeInIndex = 0; path = Pods_Oneboard_OneboardUITests.framework; sourceTree = BUILT_PRODUCTS_DIR; };
/* End PBXFileReference section */

/* Begin PBXFrameworksBuildPhase section */
		71BEAA7127896F6A00EF8FE8 /* Frameworks */ = {
			isa = PBXFrameworksBuildPhase;
			buildActionMask = 2147483647;
			files = (
				AF7531275016E3B18B216911 /* Pods_Oneboard.framework in Frameworks */,
				71B725562793BC6F0062B84B /* CloudKit.framework in Frameworks */,
			);
			runOnlyForDeploymentPostprocessing = 0;
		};
		71BEAA8727896F6B00EF8FE8 /* Frameworks */ = {
			isa = PBXFrameworksBuildPhase;
			buildActionMask = 2147483647;
			files = (
				9C73F55EB6CC6970C2EAC979 /* Pods_OneboardTests.framework in Frameworks */,
			);
			runOnlyForDeploymentPostprocessing = 0;
		};
		71BEAA9127896F6B00EF8FE8 /* Frameworks */ = {
			isa = PBXFrameworksBuildPhase;
			buildActionMask = 2147483647;
			files = (
				D82FDA75DF1A23B0B0993557 /* Pods_Oneboard_OneboardUITests.framework in Frameworks */,
			);
			runOnlyForDeploymentPostprocessing = 0;
		};
/* End PBXFrameworksBuildPhase section */

/* Begin PBXGroup section */
		71258F4D279700BF006D7237 /* Clipboard */ = {
			isa = PBXGroup;
			children = (
				71258F4E279700CF006D7237 /* ClipboardViewController.swift */,
				71258F5527984F70006D7237 /* ClipboardViewController+TableView.swift */,
			);
			path = Clipboard;
			sourceTree = "<group>";
		};
		71258F5027971346006D7237 /* Clipboard */ = {
			isa = PBXGroup;
			children = (
				71258F512797135B006D7237 /* ClipboardListCell.swift */,
			);
			path = Clipboard;
			sourceTree = "<group>";
		};
		714341052789775800F148A0 /* Source */ = {
			isa = PBXGroup;
			children = (
				7143410A278977F900F148A0 /* Extension */,
				714341072789776C00F148A0 /* Delegate */,
				7166D4242789AFD20028413F /* Model */,
				7166D445278B36AA0028413F /* Utile */,
				7166D4252789AFEF0028413F /* DB */,
				7166D43E278AEFF10028413F /* View */,
				71258F5027971346006D7237 /* Clipboard */,
				714341092789778D00F148A0 /* ViewController */,
			);
			path = Source;
			sourceTree = "<group>";
		};
		714341062789775E00F148A0 /* Resource */ = {
			isa = PBXGroup;
			children = (
				714341082789777A00F148A0 /* Storyboard */,
				71BEAA8027896F6B00EF8FE8 /* Assets.xcassets */,
			);
			path = Resource;
			sourceTree = "<group>";
		};
		714341072789776C00F148A0 /* Delegate */ = {
			isa = PBXGroup;
			children = (
				71BEAA7727896F6A00EF8FE8 /* AppDelegate.swift */,
				71BEAA7927896F6A00EF8FE8 /* SceneDelegate.swift */,
			);
			path = Delegate;
			sourceTree = "<group>";
		};
		714341082789777A00F148A0 /* Storyboard */ = {
			isa = PBXGroup;
			children = (
				71BEAA8227896F6B00EF8FE8 /* LaunchScreen.storyboard */,
			);
			path = Storyboard;
			sourceTree = "<group>";
		};
		714341092789778D00F148A0 /* ViewController */ = {
			isa = PBXGroup;
			children = (
				7166D434278AE1320028413F /* Main */,
				7166D435278AE1380028413F /* Add */,
				71258F4D279700BF006D7237 /* Clipboard */,
			);
			path = ViewController;
			sourceTree = "<group>";
		};
		7143410A278977F900F148A0 /* Extension */ = {
			isa = PBXGroup;
			children = (
				7143410B2789782D00F148A0 /* UIColor+Extension.swift */,
				7166D42E278A0AB90028413F /* UIButton+Extension.swift */,
				7166D432278AC5060028413F /* UIFont+Extension.swift */,
				7166D438278AE7D90028413F /* String+Extension.swift */,
				7166D43A278AE8AE0028413F /* Date+Extension.swift */,
				71C9176E27932E2E00976A2B /* UIImiageVIew+Extension.swift */,
				71D2FA4827958C5400C62951 /* UIAlertController+Extension.swift */,
			);
			path = Extension;
			sourceTree = "<group>";
		};
		7166D4242789AFD20028413F /* Model */ = {
			isa = PBXGroup;
			children = (
				7166D4262789B15B0028413F /* Copy.swift */,
				71258F53279843F8006D7237 /* Clipboard.swift */,
			);
			path = Model;
			sourceTree = "<group>";
		};
		7166D4252789AFEF0028413F /* DB */ = {
			isa = PBXGroup;
			children = (
				7166D42A2789DFB80028413F /* CopyManager.swift */,
			);
			path = DB;
			sourceTree = "<group>";
		};
		7166D434278AE1320028413F /* Main */ = {
			isa = PBXGroup;
			children = (
				71BEAA7B27896F6A00EF8FE8 /* MainViewController.swift */,
				7166D43C278AEC2C0028413F /* MainViewController+AddView.swift */,
				7166D442278B29210028413F /* MainViewController+Collection.swift */,
				7170539C2792986100039917 /* MainViewController+Search.swift */,
			);
			path = Main;
			sourceTree = "<group>";
		};
		7166D435278AE1380028413F /* Add */ = {
			isa = PBXGroup;
			children = (
				7166D430278AC3F00028413F /* AddViewController.swift */,
				7166D436278AE14C0028413F /* AddViewController+TextView.swift */,
			);
			path = Add;
			sourceTree = "<group>";
		};
		7166D43E278AEFF10028413F /* View */ = {
			isa = PBXGroup;
			children = (
				71C17FB2278F021900B840D0 /* CustomSnackBar.swift */,
				7166D43F278AF0080028413F /* Main */,
			);
			path = View;
			sourceTree = "<group>";
		};
		7166D43F278AF0080028413F /* Main */ = {
			isa = PBXGroup;
			children = (
				7166D440278B24930028413F /* MainListCollectionViewCell.swift */,
			);
			path = Main;
			sourceTree = "<group>";
		};
		7166D445278B36AA0028413F /* Utile */ = {
			isa = PBXGroup;
			children = (
				7166D446278B36C80028413F /* VibrateManager.swift */,
				71C17FB0278DD17000B840D0 /* ClipboardManager.swift */,
			);
			path = Utile;
			sourceTree = "<group>";
		};
		71BEAA6B27896F6A00EF8FE8 = {
			isa = PBXGroup;
			children = (
				71BEAA7627896F6A00EF8FE8 /* Oneboard */,
				71BEAA8D27896F6B00EF8FE8 /* OneboardTests */,
				71BEAA9727896F6B00EF8FE8 /* OneboardUITests */,
				71BEAA7527896F6A00EF8FE8 /* Products */,
				DCFDE26B52F5457783762E3E /* Pods */,
				8441E6FF25608C0484B99B34 /* Frameworks */,
			);
			sourceTree = "<group>";
		};
		71BEAA7527896F6A00EF8FE8 /* Products */ = {
			isa = PBXGroup;
			children = (
				71BEAA7427896F6A00EF8FE8 /* Oneboard.app */,
				71BEAA8A27896F6B00EF8FE8 /* OneboardTests.xctest */,
				71BEAA9427896F6B00EF8FE8 /* OneboardUITests.xctest */,
			);
			name = Products;
			sourceTree = "<group>";
		};
		71BEAA7627896F6A00EF8FE8 /* Oneboard */ = {
			isa = PBXGroup;
			children = (
				71B725542793BC6C0062B84B /* Oneboard.entitlements */,
				71BEAA8527896F6B00EF8FE8 /* Info.plist */,
				714341052789775800F148A0 /* Source */,
				714341062789775E00F148A0 /* Resource */,
			);
			path = Oneboard;
			sourceTree = "<group>";
		};
		71BEAA8D27896F6B00EF8FE8 /* OneboardTests */ = {
			isa = PBXGroup;
			children = (
				71BEAA8E27896F6B00EF8FE8 /* OneboardTests.swift */,
			);
			path = OneboardTests;
			sourceTree = "<group>";
		};
		71BEAA9727896F6B00EF8FE8 /* OneboardUITests */ = {
			isa = PBXGroup;
			children = (
				71BEAA9827896F6B00EF8FE8 /* OneboardUITests.swift */,
				71BEAA9A27896F6B00EF8FE8 /* OneboardUITestsLaunchTests.swift */,
			);
			path = OneboardUITests;
			sourceTree = "<group>";
		};
		8441E6FF25608C0484B99B34 /* Frameworks */ = {
			isa = PBXGroup;
			children = (
				71B725552793BC6F0062B84B /* CloudKit.framework */,
				8FA472E5FE6528AEAAE7801B /* Pods_Oneboard.framework */,
				C7B633FB09BFC989A10E7A04 /* Pods_Oneboard_OneboardUITests.framework */,
				01A57AED0226F8937F9F1B85 /* Pods_OneboardTests.framework */,
			);
			name = Frameworks;
			sourceTree = "<group>";
		};
		DCFDE26B52F5457783762E3E /* Pods */ = {
			isa = PBXGroup;
			children = (
				944C942409ED7C68B7FC888B /* Pods-Oneboard.debug.xcconfig */,
				755257F90D7AE39E15D06617 /* Pods-Oneboard.release.xcconfig */,
				A4123F5585E64496C6F64FF9 /* Pods-Oneboard-OneboardUITests.debug.xcconfig */,
				7470507430A289F40297F9FE /* Pods-Oneboard-OneboardUITests.release.xcconfig */,
				10AC866AD49D5DA511FCF20C /* Pods-OneboardTests.debug.xcconfig */,
				0CBD9A24391E018286DE1121 /* Pods-OneboardTests.release.xcconfig */,
			);
			path = Pods;
			sourceTree = "<group>";
		};
/* End PBXGroup section */

/* Begin PBXNativeTarget section */
		71BEAA7327896F6A00EF8FE8 /* Oneboard */ = {
			isa = PBXNativeTarget;
			buildConfigurationList = 71BEAA9E27896F6B00EF8FE8 /* Build configuration list for PBXNativeTarget "Oneboard" */;
			buildPhases = (
				DE2D76BA31F961EE52687505 /* [CP] Check Pods Manifest.lock */,
				71BEAA7027896F6A00EF8FE8 /* Sources */,
				71BEAA7127896F6A00EF8FE8 /* Frameworks */,
				71BEAA7227896F6A00EF8FE8 /* Resources */,
				1D4E683EC178BDE0AEFEBD09 /* [CP] Embed Pods Frameworks */,
			);
			buildRules = (
			);
			dependencies = (
			);
			name = Oneboard;
			productName = Oneboard;
			productReference = 71BEAA7427896F6A00EF8FE8 /* Oneboard.app */;
			productType = "com.apple.product-type.application";
		};
		71BEAA8927896F6B00EF8FE8 /* OneboardTests */ = {
			isa = PBXNativeTarget;
			buildConfigurationList = 71BEAAA127896F6B00EF8FE8 /* Build configuration list for PBXNativeTarget "OneboardTests" */;
			buildPhases = (
				0E1E84B865849D1D683FE025 /* [CP] Check Pods Manifest.lock */,
				71BEAA8627896F6B00EF8FE8 /* Sources */,
				71BEAA8727896F6B00EF8FE8 /* Frameworks */,
				71BEAA8827896F6B00EF8FE8 /* Resources */,
			);
			buildRules = (
			);
			dependencies = (
				71BEAA8C27896F6B00EF8FE8 /* PBXTargetDependency */,
			);
			name = OneboardTests;
			productName = OneboardTests;
			productReference = 71BEAA8A27896F6B00EF8FE8 /* OneboardTests.xctest */;
			productType = "com.apple.product-type.bundle.unit-test";
		};
		71BEAA9327896F6B00EF8FE8 /* OneboardUITests */ = {
			isa = PBXNativeTarget;
			buildConfigurationList = 71BEAAA427896F6B00EF8FE8 /* Build configuration list for PBXNativeTarget "OneboardUITests" */;
			buildPhases = (
				F679C734ED7FF05D3FBD8D32 /* [CP] Check Pods Manifest.lock */,
				71BEAA9027896F6B00EF8FE8 /* Sources */,
				71BEAA9127896F6B00EF8FE8 /* Frameworks */,
				71BEAA9227896F6B00EF8FE8 /* Resources */,
				011746914DA09454B473A96E /* [CP] Embed Pods Frameworks */,
			);
			buildRules = (
			);
			dependencies = (
				71BEAA9627896F6B00EF8FE8 /* PBXTargetDependency */,
			);
			name = OneboardUITests;
			productName = OneboardUITests;
			productReference = 71BEAA9427896F6B00EF8FE8 /* OneboardUITests.xctest */;
			productType = "com.apple.product-type.bundle.ui-testing";
		};
/* End PBXNativeTarget section */

/* Begin PBXProject section */
		71BEAA6C27896F6A00EF8FE8 /* Project object */ = {
			isa = PBXProject;
			attributes = {
				BuildIndependentTargetsInParallel = 1;
				LastSwiftUpdateCheck = 1320;
				LastUpgradeCheck = 1320;
				TargetAttributes = {
					71BEAA7327896F6A00EF8FE8 = {
						CreatedOnToolsVersion = 13.2.1;
					};
					71BEAA8927896F6B00EF8FE8 = {
						CreatedOnToolsVersion = 13.2.1;
						TestTargetID = 71BEAA7327896F6A00EF8FE8;
					};
					71BEAA9327896F6B00EF8FE8 = {
						CreatedOnToolsVersion = 13.2.1;
						TestTargetID = 71BEAA7327896F6A00EF8FE8;
					};
				};
			};
			buildConfigurationList = 71BEAA6F27896F6A00EF8FE8 /* Build configuration list for PBXProject "Oneboard" */;
			compatibilityVersion = "Xcode 13.0";
			developmentRegion = en;
			hasScannedForEncodings = 0;
			knownRegions = (
				en,
				Base,
			);
			mainGroup = 71BEAA6B27896F6A00EF8FE8;
			productRefGroup = 71BEAA7527896F6A00EF8FE8 /* Products */;
			projectDirPath = "";
			projectRoot = "";
			targets = (
				71BEAA7327896F6A00EF8FE8 /* Oneboard */,
				71BEAA8927896F6B00EF8FE8 /* OneboardTests */,
				71BEAA9327896F6B00EF8FE8 /* OneboardUITests */,
			);
		};
/* End PBXProject section */

/* Begin PBXResourcesBuildPhase section */
		71BEAA7227896F6A00EF8FE8 /* Resources */ = {
			isa = PBXResourcesBuildPhase;
			buildActionMask = 2147483647;
			files = (
				71BEAA8427896F6B00EF8FE8 /* LaunchScreen.storyboard in Resources */,
				71BEAA8127896F6B00EF8FE8 /* Assets.xcassets in Resources */,
			);
			runOnlyForDeploymentPostprocessing = 0;
		};
		71BEAA8827896F6B00EF8FE8 /* Resources */ = {
			isa = PBXResourcesBuildPhase;
			buildActionMask = 2147483647;
			files = (
			);
			runOnlyForDeploymentPostprocessing = 0;
		};
		71BEAA9227896F6B00EF8FE8 /* Resources */ = {
			isa = PBXResourcesBuildPhase;
			buildActionMask = 2147483647;
			files = (
			);
			runOnlyForDeploymentPostprocessing = 0;
		};
/* End PBXResourcesBuildPhase section */

/* Begin PBXShellScriptBuildPhase section */
		011746914DA09454B473A96E /* [CP] Embed Pods Frameworks */ = {
			isa = PBXShellScriptBuildPhase;
			buildActionMask = 2147483647;
			files = (
			);
			inputFileListPaths = (
				"${PODS_ROOT}/Target Support Files/Pods-Oneboard-OneboardUITests/Pods-Oneboard-OneboardUITests-frameworks-${CONFIGURATION}-input-files.xcfilelist",
			);
			name = "[CP] Embed Pods Frameworks";
			outputFileListPaths = (
				"${PODS_ROOT}/Target Support Files/Pods-Oneboard-OneboardUITests/Pods-Oneboard-OneboardUITests-frameworks-${CONFIGURATION}-output-files.xcfilelist",
			);
			runOnlyForDeploymentPostprocessing = 0;
			shellPath = /bin/sh;
			shellScript = "\"${PODS_ROOT}/Target Support Files/Pods-Oneboard-OneboardUITests/Pods-Oneboard-OneboardUITests-frameworks.sh\"\n";
			showEnvVarsInLog = 0;
		};
		0E1E84B865849D1D683FE025 /* [CP] Check Pods Manifest.lock */ = {
			isa = PBXShellScriptBuildPhase;
			buildActionMask = 2147483647;
			files = (
			);
			inputFileListPaths = (
			);
			inputPaths = (
				"${PODS_PODFILE_DIR_PATH}/Podfile.lock",
				"${PODS_ROOT}/Manifest.lock",
			);
			name = "[CP] Check Pods Manifest.lock";
			outputFileListPaths = (
			);
			outputPaths = (
				"$(DERIVED_FILE_DIR)/Pods-OneboardTests-checkManifestLockResult.txt",
			);
			runOnlyForDeploymentPostprocessing = 0;
			shellPath = /bin/sh;
			shellScript = "diff \"${PODS_PODFILE_DIR_PATH}/Podfile.lock\" \"${PODS_ROOT}/Manifest.lock\" > /dev/null\nif [ $? != 0 ] ; then\n    # print error to STDERR\n    echo \"error: The sandbox is not in sync with the Podfile.lock. Run 'pod install' or update your CocoaPods installation.\" >&2\n    exit 1\nfi\n# This output is used by Xcode 'outputs' to avoid re-running this script phase.\necho \"SUCCESS\" > \"${SCRIPT_OUTPUT_FILE_0}\"\n";
			showEnvVarsInLog = 0;
		};
		1D4E683EC178BDE0AEFEBD09 /* [CP] Embed Pods Frameworks */ = {
			isa = PBXShellScriptBuildPhase;
			buildActionMask = 2147483647;
			files = (
			);
			inputFileListPaths = (
				"${PODS_ROOT}/Target Support Files/Pods-Oneboard/Pods-Oneboard-frameworks-${CONFIGURATION}-input-files.xcfilelist",
			);
			name = "[CP] Embed Pods Frameworks";
			outputFileListPaths = (
				"${PODS_ROOT}/Target Support Files/Pods-Oneboard/Pods-Oneboard-frameworks-${CONFIGURATION}-output-files.xcfilelist",
			);
			runOnlyForDeploymentPostprocessing = 0;
			shellPath = /bin/sh;
			shellScript = "\"${PODS_ROOT}/Target Support Files/Pods-Oneboard/Pods-Oneboard-frameworks.sh\"\n";
			showEnvVarsInLog = 0;
		};
		DE2D76BA31F961EE52687505 /* [CP] Check Pods Manifest.lock */ = {
			isa = PBXShellScriptBuildPhase;
			buildActionMask = 2147483647;
			files = (
			);
			inputFileListPaths = (
			);
			inputPaths = (
				"${PODS_PODFILE_DIR_PATH}/Podfile.lock",
				"${PODS_ROOT}/Manifest.lock",
			);
			name = "[CP] Check Pods Manifest.lock";
			outputFileListPaths = (
			);
			outputPaths = (
				"$(DERIVED_FILE_DIR)/Pods-Oneboard-checkManifestLockResult.txt",
			);
			runOnlyForDeploymentPostprocessing = 0;
			shellPath = /bin/sh;
			shellScript = "diff \"${PODS_PODFILE_DIR_PATH}/Podfile.lock\" \"${PODS_ROOT}/Manifest.lock\" > /dev/null\nif [ $? != 0 ] ; then\n    # print error to STDERR\n    echo \"error: The sandbox is not in sync with the Podfile.lock. Run 'pod install' or update your CocoaPods installation.\" >&2\n    exit 1\nfi\n# This output is used by Xcode 'outputs' to avoid re-running this script phase.\necho \"SUCCESS\" > \"${SCRIPT_OUTPUT_FILE_0}\"\n";
			showEnvVarsInLog = 0;
		};
		F679C734ED7FF05D3FBD8D32 /* [CP] Check Pods Manifest.lock */ = {
			isa = PBXShellScriptBuildPhase;
			buildActionMask = 2147483647;
			files = (
			);
			inputFileListPaths = (
			);
			inputPaths = (
				"${PODS_PODFILE_DIR_PATH}/Podfile.lock",
				"${PODS_ROOT}/Manifest.lock",
			);
			name = "[CP] Check Pods Manifest.lock";
			outputFileListPaths = (
			);
			outputPaths = (
				"$(DERIVED_FILE_DIR)/Pods-Oneboard-OneboardUITests-checkManifestLockResult.txt",
			);
			runOnlyForDeploymentPostprocessing = 0;
			shellPath = /bin/sh;
			shellScript = "diff \"${PODS_PODFILE_DIR_PATH}/Podfile.lock\" \"${PODS_ROOT}/Manifest.lock\" > /dev/null\nif [ $? != 0 ] ; then\n    # print error to STDERR\n    echo \"error: The sandbox is not in sync with the Podfile.lock. Run 'pod install' or update your CocoaPods installation.\" >&2\n    exit 1\nfi\n# This output is used by Xcode 'outputs' to avoid re-running this script phase.\necho \"SUCCESS\" > \"${SCRIPT_OUTPUT_FILE_0}\"\n";
			showEnvVarsInLog = 0;
		};
/* End PBXShellScriptBuildPhase section */

/* Begin PBXSourcesBuildPhase section */
		71BEAA7027896F6A00EF8FE8 /* Sources */ = {
			isa = PBXSourcesBuildPhase;
			buildActionMask = 2147483647;
			files = (
				7170539D2792986100039917 /* MainViewController+Search.swift in Sources */,
				71258F4F279700CF006D7237 /* ClipboardViewController.swift in Sources */,
				7166D43D278AEC2C0028413F /* MainViewController+AddView.swift in Sources */,
				71C17FB3278F021900B840D0 /* CustomSnackBar.swift in Sources */,
				7166D441278B24930028413F /* MainListCollectionViewCell.swift in Sources */,
				71BEAA7C27896F6A00EF8FE8 /* MainViewController.swift in Sources */,
				7166D43B278AE8AE0028413F /* Date+Extension.swift in Sources */,
				7166D443278B29210028413F /* MainViewController+Collection.swift in Sources */,
				7166D431278AC3F00028413F /* AddViewController.swift in Sources */,
				71C9176F27932E2E00976A2B /* UIImiageVIew+Extension.swift in Sources */,
				7166D437278AE14C0028413F /* AddViewController+TextView.swift in Sources */,
				7166D447278B36C80028413F /* VibrateManager.swift in Sources */,
				7166D439278AE7D90028413F /* String+Extension.swift in Sources */,
				71BEAA7827896F6A00EF8FE8 /* AppDelegate.swift in Sources */,
				71BEAA7A27896F6A00EF8FE8 /* SceneDelegate.swift in Sources */,
				7166D42B2789DFB80028413F /* CopyManager.swift in Sources */,
				71D2FA4927958C5400C62951 /* UIAlertController+Extension.swift in Sources */,
				7166D42F278A0AB90028413F /* UIButton+Extension.swift in Sources */,
				71258F54279843F8006D7237 /* Clipboard.swift in Sources */,
				7166D4272789B15B0028413F /* Copy.swift in Sources */,
				71258F522797135B006D7237 /* ClipboardListCell.swift in Sources */,
				7166D433278AC5060028413F /* UIFont+Extension.swift in Sources */,
				7143410C2789782D00F148A0 /* UIColor+Extension.swift in Sources */,
				71C17FB1278DD17000B840D0 /* ClipboardManager.swift in Sources */,
				71258F5627984F70006D7237 /* ClipboardViewController+TableView.swift in Sources */,
			);
			runOnlyForDeploymentPostprocessing = 0;
		};
		71BEAA8627896F6B00EF8FE8 /* Sources */ = {
			isa = PBXSourcesBuildPhase;
			buildActionMask = 2147483647;
			files = (
				71BEAA8F27896F6B00EF8FE8 /* OneboardTests.swift in Sources */,
			);
			runOnlyForDeploymentPostprocessing = 0;
		};
		71BEAA9027896F6B00EF8FE8 /* Sources */ = {
			isa = PBXSourcesBuildPhase;
			buildActionMask = 2147483647;
			files = (
				71BEAA9B27896F6B00EF8FE8 /* OneboardUITestsLaunchTests.swift in Sources */,
				71BEAA9927896F6B00EF8FE8 /* OneboardUITests.swift in Sources */,
			);
			runOnlyForDeploymentPostprocessing = 0;
		};
/* End PBXSourcesBuildPhase section */

/* Begin PBXTargetDependency section */
		71BEAA8C27896F6B00EF8FE8 /* PBXTargetDependency */ = {
			isa = PBXTargetDependency;
			target = 71BEAA7327896F6A00EF8FE8 /* Oneboard */;
			targetProxy = 71BEAA8B27896F6B00EF8FE8 /* PBXContainerItemProxy */;
		};
		71BEAA9627896F6B00EF8FE8 /* PBXTargetDependency */ = {
			isa = PBXTargetDependency;
			target = 71BEAA7327896F6A00EF8FE8 /* Oneboard */;
			targetProxy = 71BEAA9527896F6B00EF8FE8 /* PBXContainerItemProxy */;
		};
/* End PBXTargetDependency section */

/* Begin PBXVariantGroup section */
		71BEAA8227896F6B00EF8FE8 /* LaunchScreen.storyboard */ = {
			isa = PBXVariantGroup;
			children = (
				71BEAA8327896F6B00EF8FE8 /* Base */,
			);
			name = LaunchScreen.storyboard;
			sourceTree = "<group>";
		};
/* End PBXVariantGroup section */

/* Begin XCBuildConfiguration section */
		71BEAA9C27896F6B00EF8FE8 /* Debug */ = {
			isa = XCBuildConfiguration;
			buildSettings = {
				ALWAYS_SEARCH_USER_PATHS = NO;
				CLANG_ANALYZER_NONNULL = YES;
				CLANG_ANALYZER_NUMBER_OBJECT_CONVERSION = YES_AGGRESSIVE;
				CLANG_CXX_LANGUAGE_STANDARD = "gnu++17";
				CLANG_CXX_LIBRARY = "libc++";
				CLANG_ENABLE_MODULES = YES;
				CLANG_ENABLE_OBJC_ARC = YES;
				CLANG_ENABLE_OBJC_WEAK = YES;
				CLANG_WARN_BLOCK_CAPTURE_AUTORELEASING = YES;
				CLANG_WARN_BOOL_CONVERSION = YES;
				CLANG_WARN_COMMA = YES;
				CLANG_WARN_CONSTANT_CONVERSION = YES;
				CLANG_WARN_DEPRECATED_OBJC_IMPLEMENTATIONS = YES;
				CLANG_WARN_DIRECT_OBJC_ISA_USAGE = YES_ERROR;
				CLANG_WARN_DOCUMENTATION_COMMENTS = YES;
				CLANG_WARN_EMPTY_BODY = YES;
				CLANG_WARN_ENUM_CONVERSION = YES;
				CLANG_WARN_INFINITE_RECURSION = YES;
				CLANG_WARN_INT_CONVERSION = YES;
				CLANG_WARN_NON_LITERAL_NULL_CONVERSION = YES;
				CLANG_WARN_OBJC_IMPLICIT_RETAIN_SELF = YES;
				CLANG_WARN_OBJC_LITERAL_CONVERSION = YES;
				CLANG_WARN_OBJC_ROOT_CLASS = YES_ERROR;
				CLANG_WARN_QUOTED_INCLUDE_IN_FRAMEWORK_HEADER = YES;
				CLANG_WARN_RANGE_LOOP_ANALYSIS = YES;
				CLANG_WARN_STRICT_PROTOTYPES = YES;
				CLANG_WARN_SUSPICIOUS_MOVE = YES;
				CLANG_WARN_UNGUARDED_AVAILABILITY = YES_AGGRESSIVE;
				CLANG_WARN_UNREACHABLE_CODE = YES;
				CLANG_WARN__DUPLICATE_METHOD_MATCH = YES;
				COPY_PHASE_STRIP = NO;
				DEBUG_INFORMATION_FORMAT = dwarf;
				ENABLE_STRICT_OBJC_MSGSEND = YES;
				ENABLE_TESTABILITY = YES;
				GCC_C_LANGUAGE_STANDARD = gnu11;
				GCC_DYNAMIC_NO_PIC = NO;
				GCC_NO_COMMON_BLOCKS = YES;
				GCC_OPTIMIZATION_LEVEL = 0;
				GCC_PREPROCESSOR_DEFINITIONS = (
					"DEBUG=1",
					"$(inherited)",
				);
				GCC_WARN_64_TO_32_BIT_CONVERSION = YES;
				GCC_WARN_ABOUT_RETURN_TYPE = YES_ERROR;
				GCC_WARN_UNDECLARED_SELECTOR = YES;
				GCC_WARN_UNINITIALIZED_AUTOS = YES_AGGRESSIVE;
				GCC_WARN_UNUSED_FUNCTION = YES;
				GCC_WARN_UNUSED_VARIABLE = YES;
				IPHONEOS_DEPLOYMENT_TARGET = 13.0;
				MTL_ENABLE_DEBUG_INFO = INCLUDE_SOURCE;
				MTL_FAST_MATH = YES;
				ONLY_ACTIVE_ARCH = YES;
				SDKROOT = iphoneos;
				SWIFT_ACTIVE_COMPILATION_CONDITIONS = DEBUG;
				SWIFT_OPTIMIZATION_LEVEL = "-Onone";
			};
			name = Debug;
		};
		71BEAA9D27896F6B00EF8FE8 /* Release */ = {
			isa = XCBuildConfiguration;
			buildSettings = {
				ALWAYS_SEARCH_USER_PATHS = NO;
				CLANG_ANALYZER_NONNULL = YES;
				CLANG_ANALYZER_NUMBER_OBJECT_CONVERSION = YES_AGGRESSIVE;
				CLANG_CXX_LANGUAGE_STANDARD = "gnu++17";
				CLANG_CXX_LIBRARY = "libc++";
				CLANG_ENABLE_MODULES = YES;
				CLANG_ENABLE_OBJC_ARC = YES;
				CLANG_ENABLE_OBJC_WEAK = YES;
				CLANG_WARN_BLOCK_CAPTURE_AUTORELEASING = YES;
				CLANG_WARN_BOOL_CONVERSION = YES;
				CLANG_WARN_COMMA = YES;
				CLANG_WARN_CONSTANT_CONVERSION = YES;
				CLANG_WARN_DEPRECATED_OBJC_IMPLEMENTATIONS = YES;
				CLANG_WARN_DIRECT_OBJC_ISA_USAGE = YES_ERROR;
				CLANG_WARN_DOCUMENTATION_COMMENTS = YES;
				CLANG_WARN_EMPTY_BODY = YES;
				CLANG_WARN_ENUM_CONVERSION = YES;
				CLANG_WARN_INFINITE_RECURSION = YES;
				CLANG_WARN_INT_CONVERSION = YES;
				CLANG_WARN_NON_LITERAL_NULL_CONVERSION = YES;
				CLANG_WARN_OBJC_IMPLICIT_RETAIN_SELF = YES;
				CLANG_WARN_OBJC_LITERAL_CONVERSION = YES;
				CLANG_WARN_OBJC_ROOT_CLASS = YES_ERROR;
				CLANG_WARN_QUOTED_INCLUDE_IN_FRAMEWORK_HEADER = YES;
				CLANG_WARN_RANGE_LOOP_ANALYSIS = YES;
				CLANG_WARN_STRICT_PROTOTYPES = YES;
				CLANG_WARN_SUSPICIOUS_MOVE = YES;
				CLANG_WARN_UNGUARDED_AVAILABILITY = YES_AGGRESSIVE;
				CLANG_WARN_UNREACHABLE_CODE = YES;
				CLANG_WARN__DUPLICATE_METHOD_MATCH = YES;
				COPY_PHASE_STRIP = NO;
				DEBUG_INFORMATION_FORMAT = "dwarf-with-dsym";
				ENABLE_NS_ASSERTIONS = NO;
				ENABLE_STRICT_OBJC_MSGSEND = YES;
				GCC_C_LANGUAGE_STANDARD = gnu11;
				GCC_NO_COMMON_BLOCKS = YES;
				GCC_WARN_64_TO_32_BIT_CONVERSION = YES;
				GCC_WARN_ABOUT_RETURN_TYPE = YES_ERROR;
				GCC_WARN_UNDECLARED_SELECTOR = YES;
				GCC_WARN_UNINITIALIZED_AUTOS = YES_AGGRESSIVE;
				GCC_WARN_UNUSED_FUNCTION = YES;
				GCC_WARN_UNUSED_VARIABLE = YES;
				IPHONEOS_DEPLOYMENT_TARGET = 13.0;
				MTL_ENABLE_DEBUG_INFO = NO;
				MTL_FAST_MATH = YES;
				SDKROOT = iphoneos;
				SWIFT_COMPILATION_MODE = wholemodule;
				SWIFT_OPTIMIZATION_LEVEL = "-O";
				VALIDATE_PRODUCT = YES;
			};
			name = Release;
		};
		71BEAA9F27896F6B00EF8FE8 /* Debug */ = {
			isa = XCBuildConfiguration;
			baseConfigurationReference = 944C942409ED7C68B7FC888B /* Pods-Oneboard.debug.xcconfig */;
			buildSettings = {
				ASSETCATALOG_COMPILER_APPICON_NAME = AppIcon;
				ASSETCATALOG_COMPILER_GLOBAL_ACCENT_COLOR_NAME = AccentColor;
				CODE_SIGN_ENTITLEMENTS = Oneboard/Oneboard.entitlements;
				CODE_SIGN_STYLE = Automatic;
				CURRENT_PROJECT_VERSION = 1;
				DEVELOPMENT_TEAM = 792N87PWZU;
				GENERATE_INFOPLIST_FILE = YES;
				INFOPLIST_FILE = Oneboard/Info.plist;
				INFOPLIST_KEY_UIApplicationSupportsIndirectInputEvents = YES;
				INFOPLIST_KEY_UILaunchStoryboardName = LaunchScreen;
				INFOPLIST_KEY_UISupportedInterfaceOrientations = UIInterfaceOrientationPortrait;
				INFOPLIST_KEY_UISupportedInterfaceOrientations_iPad = "UIInterfaceOrientationPortrait UIInterfaceOrientationPortraitUpsideDown UIInterfaceOrientationLandscapeLeft UIInterfaceOrientationLandscapeRight";
				INFOPLIST_KEY_UISupportedInterfaceOrientations_iPhone = "UIInterfaceOrientationPortrait UIInterfaceOrientationLandscapeLeft UIInterfaceOrientationLandscapeRight";
				INFOPLIST_KEY_UIUserInterfaceStyle = Light;
				LD_RUNPATH_SEARCH_PATHS = (
					"$(inherited)",
					"@executable_path/Frameworks",
				);
				MARKETING_VERSION = 1.0;
				PRODUCT_BUNDLE_IDENTIFIER = com.mnis.Oneboard;
				PRODUCT_NAME = "$(TARGET_NAME)";
				SWIFT_EMIT_LOC_STRINGS = YES;
				SWIFT_VERSION = 5.0;
				TARGETED_DEVICE_FAMILY = "1,2";
			};
			name = Debug;
		};
		71BEAAA027896F6B00EF8FE8 /* Release */ = {
			isa = XCBuildConfiguration;
			baseConfigurationReference = 755257F90D7AE39E15D06617 /* Pods-Oneboard.release.xcconfig */;
			buildSettings = {
				ASSETCATALOG_COMPILER_APPICON_NAME = AppIcon;
				ASSETCATALOG_COMPILER_GLOBAL_ACCENT_COLOR_NAME = AccentColor;
				CODE_SIGN_ENTITLEMENTS = Oneboard/Oneboard.entitlements;
				CODE_SIGN_STYLE = Automatic;
				CURRENT_PROJECT_VERSION = 1;
				DEVELOPMENT_TEAM = 792N87PWZU;
				GENERATE_INFOPLIST_FILE = YES;
				INFOPLIST_FILE = Oneboard/Info.plist;
				INFOPLIST_KEY_UIApplicationSupportsIndirectInputEvents = YES;
				INFOPLIST_KEY_UILaunchStoryboardName = LaunchScreen;
				INFOPLIST_KEY_UISupportedInterfaceOrientations = UIInterfaceOrientationPortrait;
				INFOPLIST_KEY_UISupportedInterfaceOrientations_iPad = "UIInterfaceOrientationPortrait UIInterfaceOrientationPortraitUpsideDown UIInterfaceOrientationLandscapeLeft UIInterfaceOrientationLandscapeRight";
				INFOPLIST_KEY_UISupportedInterfaceOrientations_iPhone = "UIInterfaceOrientationPortrait UIInterfaceOrientationLandscapeLeft UIInterfaceOrientationLandscapeRight";
				INFOPLIST_KEY_UIUserInterfaceStyle = Light;
				LD_RUNPATH_SEARCH_PATHS = (
					"$(inherited)",
					"@executable_path/Frameworks",
				);
				MARKETING_VERSION = 1.0;
				PRODUCT_BUNDLE_IDENTIFIER = com.mnis.Oneboard;
				PRODUCT_NAME = "$(TARGET_NAME)";
				SWIFT_EMIT_LOC_STRINGS = YES;
				SWIFT_VERSION = 5.0;
				TARGETED_DEVICE_FAMILY = "1,2";
			};
			name = Release;
		};
		71BEAAA227896F6B00EF8FE8 /* Debug */ = {
			isa = XCBuildConfiguration;
			baseConfigurationReference = 10AC866AD49D5DA511FCF20C /* Pods-OneboardTests.debug.xcconfig */;
			buildSettings = {
				ALWAYS_EMBED_SWIFT_STANDARD_LIBRARIES = YES;
				BUNDLE_LOADER = "$(TEST_HOST)";
				CODE_SIGN_STYLE = Automatic;
				CURRENT_PROJECT_VERSION = 1;
				DEVELOPMENT_TEAM = 93M573XSXL;
				GENERATE_INFOPLIST_FILE = YES;
				IPHONEOS_DEPLOYMENT_TARGET = 15.2;
				MARKETING_VERSION = 1.0;
				PRODUCT_BUNDLE_IDENTIFIER = com.mnis.OneboardTests;
				PRODUCT_NAME = "$(TARGET_NAME)";
				SWIFT_EMIT_LOC_STRINGS = NO;
				SWIFT_VERSION = 5.0;
				TARGETED_DEVICE_FAMILY = "1,2";
				TEST_HOST = "$(BUILT_PRODUCTS_DIR)/Oneboard.app/Oneboard";
			};
			name = Debug;
		};
		71BEAAA327896F6B00EF8FE8 /* Release */ = {
			isa = XCBuildConfiguration;
			baseConfigurationReference = 0CBD9A24391E018286DE1121 /* Pods-OneboardTests.release.xcconfig */;
			buildSettings = {
				ALWAYS_EMBED_SWIFT_STANDARD_LIBRARIES = YES;
				BUNDLE_LOADER = "$(TEST_HOST)";
				CODE_SIGN_STYLE = Automatic;
				CURRENT_PROJECT_VERSION = 1;
				DEVELOPMENT_TEAM = 93M573XSXL;
				GENERATE_INFOPLIST_FILE = YES;
				IPHONEOS_DEPLOYMENT_TARGET = 15.2;
				MARKETING_VERSION = 1.0;
				PRODUCT_BUNDLE_IDENTIFIER = com.mnis.OneboardTests;
				PRODUCT_NAME = "$(TARGET_NAME)";
				SWIFT_EMIT_LOC_STRINGS = NO;
				SWIFT_VERSION = 5.0;
				TARGETED_DEVICE_FAMILY = "1,2";
				TEST_HOST = "$(BUILT_PRODUCTS_DIR)/Oneboard.app/Oneboard";
			};
			name = Release;
		};
		71BEAAA527896F6B00EF8FE8 /* Debug */ = {
			isa = XCBuildConfiguration;
			baseConfigurationReference = A4123F5585E64496C6F64FF9 /* Pods-Oneboard-OneboardUITests.debug.xcconfig */;
			buildSettings = {
				ALWAYS_EMBED_SWIFT_STANDARD_LIBRARIES = YES;
				CODE_SIGN_STYLE = Automatic;
				CURRENT_PROJECT_VERSION = 1;
				DEVELOPMENT_TEAM = 93M573XSXL;
				GENERATE_INFOPLIST_FILE = YES;
				MARKETING_VERSION = 1.0;
				PRODUCT_BUNDLE_IDENTIFIER = com.mnis.OneboardUITests;
				PRODUCT_NAME = "$(TARGET_NAME)";
				SWIFT_EMIT_LOC_STRINGS = NO;
				SWIFT_VERSION = 5.0;
				TARGETED_DEVICE_FAMILY = "1,2";
				TEST_TARGET_NAME = Oneboard;
			};
			name = Debug;
		};
		71BEAAA627896F6B00EF8FE8 /* Release */ = {
			isa = XCBuildConfiguration;
			baseConfigurationReference = 7470507430A289F40297F9FE /* Pods-Oneboard-OneboardUITests.release.xcconfig */;
			buildSettings = {
				ALWAYS_EMBED_SWIFT_STANDARD_LIBRARIES = YES;
				CODE_SIGN_STYLE = Automatic;
				CURRENT_PROJECT_VERSION = 1;
				DEVELOPMENT_TEAM = 93M573XSXL;
				GENERATE_INFOPLIST_FILE = YES;
				MARKETING_VERSION = 1.0;
				PRODUCT_BUNDLE_IDENTIFIER = com.mnis.OneboardUITests;
				PRODUCT_NAME = "$(TARGET_NAME)";
				SWIFT_EMIT_LOC_STRINGS = NO;
				SWIFT_VERSION = 5.0;
				TARGETED_DEVICE_FAMILY = "1,2";
				TEST_TARGET_NAME = Oneboard;
			};
			name = Release;
		};
/* End XCBuildConfiguration section */

/* Begin XCConfigurationList section */
		71BEAA6F27896F6A00EF8FE8 /* Build configuration list for PBXProject "Oneboard" */ = {
			isa = XCConfigurationList;
			buildConfigurations = (
				71BEAA9C27896F6B00EF8FE8 /* Debug */,
				71BEAA9D27896F6B00EF8FE8 /* Release */,
			);
			defaultConfigurationIsVisible = 0;
			defaultConfigurationName = Release;
		};
		71BEAA9E27896F6B00EF8FE8 /* Build configuration list for PBXNativeTarget "Oneboard" */ = {
			isa = XCConfigurationList;
			buildConfigurations = (
				71BEAA9F27896F6B00EF8FE8 /* Debug */,
				71BEAAA027896F6B00EF8FE8 /* Release */,
			);
			defaultConfigurationIsVisible = 0;
			defaultConfigurationName = Release;
		};
		71BEAAA127896F6B00EF8FE8 /* Build configuration list for PBXNativeTarget "OneboardTests" */ = {
			isa = XCConfigurationList;
			buildConfigurations = (
				71BEAAA227896F6B00EF8FE8 /* Debug */,
				71BEAAA327896F6B00EF8FE8 /* Release */,
			);
			defaultConfigurationIsVisible = 0;
			defaultConfigurationName = Release;
		};
		71BEAAA427896F6B00EF8FE8 /* Build configuration list for PBXNativeTarget "OneboardUITests" */ = {
			isa = XCConfigurationList;
			buildConfigurations = (
				71BEAAA527896F6B00EF8FE8 /* Debug */,
				71BEAAA627896F6B00EF8FE8 /* Release */,
			);
			defaultConfigurationIsVisible = 0;
			defaultConfigurationName = Release;
		};
/* End XCConfigurationList section */
	};
	rootObject = 71BEAA6C27896F6A00EF8FE8 /* Project object */;
}
